
Microsoft Visual Studio Solution File, Format Version 12.00
# Visual Studio Version 18
VisualStudioVersion = 18.1.11312.151
MinimumVisualStudioVersion = 10.0.40219.1
Project("{FAE04EC0-301F-11D3-BF4B-00C04F79EFBC}") = "AssetParser", "AssetParser.csproj", "{CCD4BEC2-677B-4D5D-96DA-AAFB8BE40E38}"
EndProject
Global
	GlobalSection(SolutionConfigurationPlatforms) = preSolution
		Debug|Any CPU = Debug|Any CPU
		Release|Any CPU = Release|Any CPU
	EndGlobalSection
	GlobalSection(ProjectConfigurationPlatforms) = postSolution
		{CCD4BEC2-677B-4D5D-96DA-AAFB8BE40E38}.Debug|Any CPU.ActiveCfg = Debug|Any CPU
		{CCD4BEC2-677B-4D5D-96DA-AAFB8BE40E38}.Debug|Any CPU.Build.0 = Debug|Any CPU
		{CCD4BEC2-677B-4D5D-96DA-AAFB8BE40E38}.Release|Any CPU.ActiveCfg = Release|Any CPU
		{CCD4BEC2-677B-4D5D-96DA-AAFB8BE40E38}.Release|Any CPU.Build.0 = Release|Any CPU
	EndGlobalSection
	GlobalSection(SolutionProperties) = preSolution
		HideSolutionNode = FALSE
	EndGlobalSection
	GlobalSection(ExtensibilityGlobals) = postSolution
		SolutionGuid = {978204E2-5BF3-48A6-B976-F8EF3C3EBB5E}
	EndGlobalSection
EndGlobal
